
Microsoft Visual Studio Solution File, Format Version 12.00
# Visual Studio 15
VisualStudioVersion = 15.0.26730.12
MinimumVisualStudioVersion = 10.0.40219.1
Project("{FAE04EC0-301F-11D3-BF4B-00C04F79EFBC}") = "LibraryMeowChat", "LibraryMeowChat\LibraryMeowChat.csproj", "{1941FEED-BAE1-4248-A9E5-E7E488571D30}"
EndProject
Project("{FAE04EC0-301F-11D3-BF4B-00C04F79EFBC}") = "ClientMeowChat", "ClientMeowChat\ClientMeowChat.csproj", "{1F859721-A396-4E19-B01C-0E08BA00B58F}"
EndProject
Project("{FAE04EC0-301F-11D3-BF4B-00C04F79EFBC}") = "ClientLibraryMeowChat", "ClientLibraryMeowChat\ClientLibraryMeowChat.csproj", "{A2759C36-04D0-46C6-A5B0-8349FD371FC6}"
EndProject
Project("{FAE04EC0-301F-11D3-BF4B-00C04F79EFBC}") = "ServerMeowChat", "ServerMeowChat\ServerMeowChat.csproj", "{33F883CA-4BFD-4816-9A69-DA8C2039F723}"
EndProject
Project("{FAE04EC0-301F-11D3-BF4B-00C04F79EFBC}") = "ServerLibraryMeowChat", "ServerLibraryMeowChat\ServerLibraryMeowChat.csproj", "{95A39F40-E094-4E2E-9896-3507F3FE436F}"
EndProject
Project("{54435603-DBB4-11D2-8724-00A0C9A8B90C}") = "DeployChatServer", "DeployChatServer\DeployChatServer.vdproj", "{2E0580F3-90F6-4B3C-A870-16F5749FAF87}"
EndProject
Global
	GlobalSection(SolutionConfigurationPlatforms) = preSolution
		Debug|Any CPU = Debug|Any CPU
		Release|Any CPU = Release|Any CPU
	EndGlobalSection
	GlobalSection(ProjectConfigurationPlatforms) = postSolution
		{1941FEED-BAE1-4248-A9E5-E7E488571D30}.Debug|Any CPU.ActiveCfg = Debug|Any CPU
		{1941FEED-BAE1-4248-A9E5-E7E488571D30}.Debug|Any CPU.Build.0 = Debug|Any CPU
		{1941FEED-BAE1-4248-A9E5-E7E488571D30}.Release|Any CPU.ActiveCfg = Release|Any CPU
		{1941FEED-BAE1-4248-A9E5-E7E488571D30}.Release|Any CPU.Build.0 = Release|Any CPU
		{1F859721-A396-4E19-B01C-0E08BA00B58F}.Debug|Any CPU.ActiveCfg = Debug|Any CPU
		{1F859721-A396-4E19-B01C-0E08BA00B58F}.Debug|Any CPU.Build.0 = Debug|Any CPU
		{1F859721-A396-4E19-B01C-0E08BA00B58F}.Release|Any CPU.ActiveCfg = Release|Any CPU
		{1F859721-A396-4E19-B01C-0E08BA00B58F}.Release|Any CPU.Build.0 = Release|Any CPU
		{A2759C36-04D0-46C6-A5B0-8349FD371FC6}.Debug|Any CPU.ActiveCfg = Debug|Any CPU
		{A2759C36-04D0-46C6-A5B0-8349FD371FC6}.Debug|Any CPU.Build.0 = Debug|Any CPU
		{A2759C36-04D0-46C6-A5B0-8349FD371FC6}.Release|Any CPU.ActiveCfg = Release|Any CPU
		{A2759C36-04D0-46C6-A5B0-8349FD371FC6}.Release|Any CPU.Build.0 = Release|Any CPU
		{33F883CA-4BFD-4816-9A69-DA8C2039F723}.Debug|Any CPU.ActiveCfg = Debug|Any CPU
		{33F883CA-4BFD-4816-9A69-DA8C2039F723}.Debug|Any CPU.Build.0 = Debug|Any CPU
		{33F883CA-4BFD-4816-9A69-DA8C2039F723}.Release|Any CPU.ActiveCfg = Release|Any CPU
		{33F883CA-4BFD-4816-9A69-DA8C2039F723}.Release|Any CPU.Build.0 = Release|Any CPU
		{95A39F40-E094-4E2E-9896-3507F3FE436F}.Debug|Any CPU.ActiveCfg = Debug|Any CPU
		{95A39F40-E094-4E2E-9896-3507F3FE436F}.Debug|Any CPU.Build.0 = Debug|Any CPU
		{95A39F40-E094-4E2E-9896-3507F3FE436F}.Release|Any CPU.ActiveCfg = Release|Any CPU
		{95A39F40-E094-4E2E-9896-3507F3FE436F}.Release|Any CPU.Build.0 = Release|Any CPU
		{2E0580F3-90F6-4B3C-A870-16F5749FAF87}.Debug|Any CPU.ActiveCfg = Debug
		{2E0580F3-90F6-4B3C-A870-16F5749FAF87}.Release|Any CPU.ActiveCfg = Release
	EndGlobalSection
	GlobalSection(SolutionProperties) = preSolution
		HideSolutionNode = FALSE
	EndGlobalSection
	GlobalSection(ExtensibilityGlobals) = postSolution
		SolutionGuid = {97050C5C-F21A-485D-885E-461FF20D51FC}
	EndGlobalSection
	GlobalSection(TeamFoundationVersionControl) = preSolution
		SccNumberOfProjects = 7
		SccEnterpriseProvider = {4CA58AB2-18FA-4F8D-95D4-32DDF27D184C}
		SccTeamFoundationServer = https://avbhardwaj.visualstudio.com/
		SccLocalPath0 = .
		SccProjectUniqueName1 = ClientLibraryMeowChat\\ClientLibraryMeowChat.csproj
		SccProjectName1 = ClientLibraryMeowChat
		SccLocalPath1 = ClientLibraryMeowChat
		SccProjectUniqueName2 = ClientMeowChat\\ClientMeowChat.csproj
		SccProjectName2 = ClientMeowChat
		SccLocalPath2 = ClientMeowChat
		SccProjectUniqueName3 = DeployChatServer\\DeployChatServer.vdproj
		SccProjectName3 = DeployChatServer
		SccLocalPath3 = DeployChatServer
		SccProjectUniqueName4 = LibraryMeowChat\\LibraryMeowChat.csproj
		SccProjectName4 = LibraryMeowChat
		SccLocalPath4 = LibraryMeowChat
		SccProjectUniqueName5 = ServerLibraryMeowChat\\ServerLibraryMeowChat.csproj
		SccProjectName5 = ServerLibraryMeowChat
		SccLocalPath5 = ServerLibraryMeowChat
		SccProjectUniqueName6 = ServerMeowChat\\ServerMeowChat.csproj
		SccProjectName6 = ServerMeowChat
		SccLocalPath6 = ServerMeowChat
	EndGlobalSection
EndGlobal
